// !$*UTF8*$!
{
	archiveVersion = 1;
	classes = {
	};
	objectVersion = 48;
	objects = {

/* Begin PBXBuildFile section */
		1D1567F620309ED800BE0D0A /* MarketModel.swift in Sources */ = {isa = PBXBuildFile; fileRef = 1D1567F520309ED800BE0D0A /* MarketModel.swift */; };
		1D573916200BD51500D7E431 /* FileManager+Extension.swift in Sources */ = {isa = PBXBuildFile; fileRef = 1D5738F3200BD51500D7E431 /* FileManager+Extension.swift */; };
		1D573917200BD51500D7E431 /* String+Extension.swift in Sources */ = {isa = PBXBuildFile; fileRef = 1D5738F4200BD51500D7E431 /* String+Extension.swift */; };
		1D573918200BD51500D7E431 /* UINib+Extension.swift in Sources */ = {isa = PBXBuildFile; fileRef = 1D5738F5200BD51500D7E431 /* UINib+Extension.swift */; };
		1D573919200BD51500D7E431 /* UITableView+Extension.swift in Sources */ = {isa = PBXBuildFile; fileRef = 1D5738F6200BD51500D7E431 /* UITableView+Extension.swift */; };
		1D57391A200BD51500D7E431 /* UIWindow+Extension.swift in Sources */ = {isa = PBXBuildFile; fileRef = 1D5738F7200BD51500D7E431 /* UIWindow+Extension.swift */; };
		1D57391B200BD51500D7E431 /* Global.swift in Sources */ = {isa = PBXBuildFile; fileRef = 1D5738F8200BD51500D7E431 /* Global.swift */; };
		1D57391C200BD51500D7E431 /* ViewViewModel.swift in Sources */ = {isa = PBXBuildFile; fileRef = 1D5738FA200BD51500D7E431 /* ViewViewModel.swift */; };
		1D57391D200BD51500D7E431 /* ArrayModel.swift in Sources */ = {isa = PBXBuildFile; fileRef = 1D5738FD200BD51500D7E431 /* ArrayModel.swift */; };
		1D57391E200BD51500D7E431 /* ArrayModelAddOption.swift in Sources */ = {isa = PBXBuildFile; fileRef = 1D5738FF200BD51500D7E431 /* ArrayModelAddOption.swift */; };
		1D57391F200BD51500D7E431 /* ArrayModelMoveOption.swift in Sources */ = {isa = PBXBuildFile; fileRef = 1D573900200BD51500D7E431 /* ArrayModelMoveOption.swift */; };
		1D573920200BD51500D7E431 /* ArrayModelOption.swift in Sources */ = {isa = PBXBuildFile; fileRef = 1D573901200BD51500D7E431 /* ArrayModelOption.swift */; };
		1D573921200BD51500D7E431 /* ArrayModelRemoveOption.swift in Sources */ = {isa = PBXBuildFile; fileRef = 1D573902200BD51500D7E431 /* ArrayModelRemoveOption.swift */; };
		1D573922200BD51500D7E431 /* FileSystemImageModel.swift in Sources */ = {isa = PBXBuildFile; fileRef = 1D573905200BD51500D7E431 /* FileSystemImageModel.swift */; };
		1D573923200BD51500D7E431 /* ImageModel.swift in Sources */ = {isa = PBXBuildFile; fileRef = 1D573906200BD51500D7E431 /* ImageModel.swift */; };
		1D573924200BD51500D7E431 /* InternetImageModel.swift in Sources */ = {isa = PBXBuildFile; fileRef = 1D573908200BD51500D7E431 /* InternetImageModel.swift */; };
		1D573925200BD51500D7E431 /* DBModel.swift in Sources */ = {isa = PBXBuildFile; fileRef = 1D573909200BD51500D7E431 /* DBModel.swift */; };
		1D573929200BD51500D7E431 /* LoginViewModel.swift in Sources */ = {isa = PBXBuildFile; fileRef = 1D573912200BD51500D7E431 /* LoginViewModel.swift */; };
		1D5D1552202B6F10001DB417 /* Context.swift in Sources */ = {isa = PBXBuildFile; fileRef = 1D5D1549202B6F10001DB417 /* Context.swift */; };
		1D5D1553202B6F10001DB417 /* PublicContext.swift in Sources */ = {isa = PBXBuildFile; fileRef = 1D5D154B202B6F10001DB417 /* PublicContext.swift */; };
		1D5D1554202B6F10001DB417 /* OrdersContext.swift in Sources */ = {isa = PBXBuildFile; fileRef = 1D5D154D202B6F10001DB417 /* OrdersContext.swift */; };
		1D5D463A2034BF8700EF6384 /* CurrenciesModel.swift in Sources */ = {isa = PBXBuildFile; fileRef = 1D5D46392034BF8700EF6384 /* CurrenciesModel.swift */; };
		1D5D78C9203359F2009906C3 /* AlertService.swift in Sources */ = {isa = PBXBuildFile; fileRef = 1D5D78C8203359F2009906C3 /* AlertService.swift */; };
		1D62529D20190AEC0047CB7C /* CurrencyModel.swift in Sources */ = {isa = PBXBuildFile; fileRef = 1D62529C20190AEC0047CB7C /* CurrencyModel.swift */; };
		1D6252A020190E710047CB7C /* BalanceCell.xib in Resources */ = {isa = PBXBuildFile; fileRef = 1D62529F20190E710047CB7C /* BalanceCell.xib */; };
		1D6252A220190E940047CB7C /* BalanceCell.swift in Sources */ = {isa = PBXBuildFile; fileRef = 1D6252A120190E940047CB7C /* BalanceCell.swift */; };
		1D6252A42019103B0047CB7C /* BalancesViewModel.swift in Sources */ = {isa = PBXBuildFile; fileRef = 1D6252A32019103B0047CB7C /* BalancesViewModel.swift */; };
		1D6A23052016721500A25F13 /* HeaderView.xib in Resources */ = {isa = PBXBuildFile; fileRef = 1D6A23042016721500A25F13 /* HeaderView.xib */; };
		1D6A23072016723500A25F13 /* HeaderView.swift in Sources */ = {isa = PBXBuildFile; fileRef = 1D6A23062016723500A25F13 /* HeaderView.swift */; };
		1D6B3DE72014EF92009BBAF7 /* LoginView.swift in Sources */ = {isa = PBXBuildFile; fileRef = 1D6B3DDD2014EF92009BBAF7 /* LoginView.swift */; };
		1D6B3DE82014EF92009BBAF7 /* LoginViewController.swift in Sources */ = {isa = PBXBuildFile; fileRef = 1D6B3DDE2014EF92009BBAF7 /* LoginViewController.swift */; };
		1D6B3DE92014EF92009BBAF7 /* LoginViewController.xib in Resources */ = {isa = PBXBuildFile; fileRef = 1D6B3DDF2014EF92009BBAF7 /* LoginViewController.xib */; };
		1D6B3DEA2014EF92009BBAF7 /* BalancesViewController.swift in Sources */ = {isa = PBXBuildFile; fileRef = 1D6B3DE12014EF92009BBAF7 /* BalancesViewController.swift */; };
		1D6B3DEB2014EF92009BBAF7 /* BalancesView.swift in Sources */ = {isa = PBXBuildFile; fileRef = 1D6B3DE22014EF92009BBAF7 /* BalancesView.swift */; };
		1D6B3DEC2014EF92009BBAF7 /* BalancesViewController.xib in Resources */ = {isa = PBXBuildFile; fileRef = 1D6B3DE32014EF92009BBAF7 /* BalancesViewController.xib */; };
		1D6F74FD20361560003E4326 /* Loadable.swift in Sources */ = {isa = PBXBuildFile; fileRef = 1D6F74FC20361560003E4326 /* Loadable.swift */; };
		1D7190342020FA7200EA2EC6 /* ViewModel.swift in Sources */ = {isa = PBXBuildFile; fileRef = 1D7190332020FA7200EA2EC6 /* ViewModel.swift */; };
		1D71903A2021007F00EA2EC6 /* BalancesModel.swift in Sources */ = {isa = PBXBuildFile; fileRef = 1D7190392021007F00EA2EC6 /* BalancesModel.swift */; };
		1D72CEA7203E134C00288DED /* MarketsView.swift in Sources */ = {isa = PBXBuildFile; fileRef = 1D72CEA4203E134B00288DED /* MarketsView.swift */; };
		1D72CEA8203E134C00288DED /* MarketsViewController.swift in Sources */ = {isa = PBXBuildFile; fileRef = 1D72CEA5203E134B00288DED /* MarketsViewController.swift */; };
		1D72CEA9203E134C00288DED /* MarketsViewController.xib in Resources */ = {isa = PBXBuildFile; fileRef = 1D72CEA6203E134B00288DED /* MarketsViewController.xib */; };
		1D73B02E201A47090087A775 /* BalanceModel.swift in Sources */ = {isa = PBXBuildFile; fileRef = 1D73B02D201A47090087A775 /* BalanceModel.swift */; };
		1D73B031201A48310087A775 /* BalanceViewModel.swift in Sources */ = {isa = PBXBuildFile; fileRef = 1D73B030201A48310087A775 /* BalanceViewModel.swift */; };
		1D746A5F203B3D9000153CAF /* OrdersViewController.swift in Sources */ = {isa = PBXBuildFile; fileRef = 1D746A5C203B3D8F00153CAF /* OrdersViewController.swift */; };
		1D746A60203B3D9000153CAF /* OrdersViewController.xib in Resources */ = {isa = PBXBuildFile; fileRef = 1D746A5D203B3D9000153CAF /* OrdersViewController.xib */; };
		1D746A61203B3D9000153CAF /* OrdersView.swift in Sources */ = {isa = PBXBuildFile; fileRef = 1D746A5E203B3D9000153CAF /* OrdersView.swift */; };
		1D746A64203B3EF300153CAF /* OrdersViewModel.swift in Sources */ = {isa = PBXBuildFile; fileRef = 1D746A63203B3EF300153CAF /* OrdersViewModel.swift */; };
		1D746A6B203B7DFC00153CAF /* HistoryViewController.swift in Sources */ = {isa = PBXBuildFile; fileRef = 1D746A68203B7DFC00153CAF /* HistoryViewController.swift */; };
		1D746A6C203B7DFC00153CAF /* HistoryViewController.xib in Resources */ = {isa = PBXBuildFile; fileRef = 1D746A69203B7DFC00153CAF /* HistoryViewController.xib */; };
		1D746A6D203B7DFC00153CAF /* HistoryView.swift in Sources */ = {isa = PBXBuildFile; fileRef = 1D746A6A203B7DFC00153CAF /* HistoryView.swift */; };
		1D746A70203B7ED600153CAF /* HistoryViewModel.swift in Sources */ = {isa = PBXBuildFile; fileRef = 1D746A6F203B7ED500153CAF /* HistoryViewModel.swift */; };
		1D758AC62024D8CF00419689 /* RealmService.swift in Sources */ = {isa = PBXBuildFile; fileRef = 1D758AC52024D8CF00419689 /* RealmService.swift */; };
		1D7591221FFECED200573899 /* AppDelegate.swift in Sources */ = {isa = PBXBuildFile; fileRef = 1D7591141FFECED200573899 /* AppDelegate.swift */; };
		1D7591241FFECED200573899 /* Assets.xcassets in Resources */ = {isa = PBXBuildFile; fileRef = 1D7591171FFECED200573899 /* Assets.xcassets */; };
		1D7591251FFECED200573899 /* LaunchScreen.storyboard in Resources */ = {isa = PBXBuildFile; fileRef = 1D7591181FFECED200573899 /* LaunchScreen.storyboard */; };
		1D7591261FFECED200573899 /* Main.storyboard in Resources */ = {isa = PBXBuildFile; fileRef = 1D75911A1FFECED200573899 /* Main.storyboard */; };
		1D77C31820134399004DC212 /* NSData+Extension.swift in Sources */ = {isa = PBXBuildFile; fileRef = 1D77C31720134399004DC212 /* NSData+Extension.swift */; };
		1D77C31B20136B73004DC212 /* AccessTokenModel.swift in Sources */ = {isa = PBXBuildFile; fileRef = 1D77C31A20136B73004DC212 /* AccessTokenModel.swift */; };
		1D78755F2028CCD5006C07C3 /* TradingsViewModel.swift in Sources */ = {isa = PBXBuildFile; fileRef = 1D78755E2028CCD5006C07C3 /* TradingsViewModel.swift */; };
		1D7875652028EFA7006C07C3 /* ViewController.swift in Sources */ = {isa = PBXBuildFile; fileRef = 1D7875642028EFA7006C07C3 /* ViewController.swift */; };
		1D78757620290569006C07C3 /* OrderCell.swift in Sources */ = {isa = PBXBuildFile; fileRef = 1D78757520290569006C07C3 /* OrderCell.swift */; };
		1D7B9196203A21F30068EEAC /* TradingModel.swift in Sources */ = {isa = PBXBuildFile; fileRef = 1D7B9195203A21F30068EEAC /* TradingModel.swift */; };
		1D7B9199203A29D10068EEAC /* TradingsContext.swift in Sources */ = {isa = PBXBuildFile; fileRef = 1D7B9198203A29D10068EEAC /* TradingsContext.swift */; };
		1D7B919B203A2B100068EEAC /* OrderCell.xib in Resources */ = {isa = PBXBuildFile; fileRef = 1D7B919A203A2B100068EEAC /* OrderCell.xib */; };
		1D7B919E203A2D900068EEAC /* TradingViewModel.swift in Sources */ = {isa = PBXBuildFile; fileRef = 1D7B919D203A2D900068EEAC /* TradingViewModel.swift */; };
		1D7C6D43202ED94F00D99F7D /* OrdersResponseParser.swift in Sources */ = {isa = PBXBuildFile; fileRef = 1D7C6D42202ED94F00D99F7D /* OrdersResponseParser.swift */; };
		1D7C6D46202EDADE00D99F7D /* OrdersModel.swift in Sources */ = {isa = PBXBuildFile; fileRef = 1D7C6D45202EDADE00D99F7D /* OrdersModel.swift */; };
		1D7C6D48202EF94700D99F7D /* TradingsResponseParser.swift in Sources */ = {isa = PBXBuildFile; fileRef = 1D7C6D47202EF94700D99F7D /* TradingsResponseParser.swift */; };
		1D7C6D4B202EFC1700D99F7D /* OrderModel.swift in Sources */ = {isa = PBXBuildFile; fileRef = 1D7C6D4A202EFC1700D99F7D /* OrderModel.swift */; };
		1D7C6D4E202F3F9200D99F7D /* OrderViewModel.swift in Sources */ = {isa = PBXBuildFile; fileRef = 1D7C6D4D202F3F9200D99F7D /* OrderViewModel.swift */; };
		1D7CE9BA201E308500A1F189 /* LoginResponseParser.swift in Sources */ = {isa = PBXBuildFile; fileRef = 1D7CE9B9201E308500A1F189 /* LoginResponseParser.swift */; };
		1D7CE9BD201E317600A1F189 /* CurrentUserModel.swift in Sources */ = {isa = PBXBuildFile; fileRef = 1D7CE9BC201E317600A1F189 /* CurrentUserModel.swift */; };
		1D82D6DD20128CC800AC8A84 /* Date+Extension.swift in Sources */ = {isa = PBXBuildFile; fileRef = 1D82D6DC20128CC800AC8A84 /* Date+Extension.swift */; };
		1D82D6E22012A78D00AC8A84 /* Hmac.swift in Sources */ = {isa = PBXBuildFile; fileRef = 1D82D6E12012A78D00AC8A84 /* Hmac.swift */; };
		1D8B84C3203F46B5004B74F1 /* MarketCell.swift in Sources */ = {isa = PBXBuildFile; fileRef = 1D8B84C1203F46B5004B74F1 /* MarketCell.swift */; };
		1D8B84C4203F46B5004B74F1 /* MarketCell.xib in Resources */ = {isa = PBXBuildFile; fileRef = 1D8B84C2203F46B5004B74F1 /* MarketCell.xib */; };
		1D8B84C7203F47BD004B74F1 /* MarketViewModel.swift in Sources */ = {isa = PBXBuildFile; fileRef = 1D8B84C6203F47BD004B74F1 /* MarketViewModel.swift */; };
		1D8B84CA203F7AB9004B74F1 /* MarketsViewModel.swift in Sources */ = {isa = PBXBuildFile; fileRef = 1D8B84C9203F7AB9004B74F1 /* MarketsViewModel.swift */; };
		1D8B84D3203F8163004B74F1 /* LoginContext.swift in Sources */ = {isa = PBXBuildFile; fileRef = 1D8B84CD203F8163004B74F1 /* LoginContext.swift */; };
		1D8B84D4203F8163004B74F1 /* UserContext.swift in Sources */ = {isa = PBXBuildFile; fileRef = 1D8B84CE203F8163004B74F1 /* UserContext.swift */; };
		1D8B84D5203F8163004B74F1 /* UserHistoryContext.swift in Sources */ = {isa = PBXBuildFile; fileRef = 1D8B84D0203F8163004B74F1 /* UserHistoryContext.swift */; };
		1D8B84D6203F8163004B74F1 /* UserOrdersContext.swift in Sources */ = {isa = PBXBuildFile; fileRef = 1D8B84D2203F8163004B74F1 /* UserOrdersContext.swift */; };
		1D8B89B720264FC0002F7361 /* TradingsViewController.swift in Sources */ = {isa = PBXBuildFile; fileRef = 1D8B89B520264FC0002F7361 /* TradingsViewController.swift */; };
		1D8B89B820264FC0002F7361 /* TradingsViewController.xib in Resources */ = {isa = PBXBuildFile; fileRef = 1D8B89B620264FC0002F7361 /* TradingsViewController.xib */; };
		1D8B89BA20265918002F7361 /* TradingsView.swift in Sources */ = {isa = PBXBuildFile; fileRef = 1D8B89B920265918002F7361 /* TradingsView.swift */; };
		1D8FEF2E2017BCAB00C65D4C /* MainView.swift in Sources */ = {isa = PBXBuildFile; fileRef = 1D8FEF2D2017BCAB00C65D4C /* MainView.swift */; };
		1D93355D204089C800FFA724 /* NewOrderViewController.swift in Sources */ = {isa = PBXBuildFile; fileRef = 1D93355A204089C800FFA724 /* NewOrderViewController.swift */; };
		1D93355E204089C800FFA724 /* NewOrderViewController.xib in Resources */ = {isa = PBXBuildFile; fileRef = 1D93355B204089C800FFA724 /* NewOrderViewController.xib */; };
		1D93355F204089C800FFA724 /* NewOrderView.swift in Sources */ = {isa = PBXBuildFile; fileRef = 1D93355C204089C800FFA724 /* NewOrderView.swift */; };
		1D9335632040B16600FFA724 /* UIColor+Extension.swift in Sources */ = {isa = PBXBuildFile; fileRef = 1D9335622040B16600FFA724 /* UIColor+Extension.swift */; };
		1FE5552D8B5E4588791BC788 /* Pods_Kuna.framework in Frameworks */ = {isa = PBXBuildFile; fileRef = 92B6FC9A4D590457BB68ED47 /* Pods_Kuna.framework */; };
/* End PBXBuildFile section */

/* Begin PBXFileReference section */
		1D1567F520309ED800BE0D0A /* MarketModel.swift */ = {isa = PBXFileReference; lastKnownFileType = sourcecode.swift; path = MarketModel.swift; sourceTree = "<group>"; };
		1D5738F3200BD51500D7E431 /* FileManager+Extension.swift */ = {isa = PBXFileReference; fileEncoding = 4; lastKnownFileType = sourcecode.swift; path = "FileManager+Extension.swift"; sourceTree = "<group>"; };
		1D5738F4200BD51500D7E431 /* String+Extension.swift */ = {isa = PBXFileReference; fileEncoding = 4; lastKnownFileType = sourcecode.swift; path = "String+Extension.swift"; sourceTree = "<group>"; };
		1D5738F5200BD51500D7E431 /* UINib+Extension.swift */ = {isa = PBXFileReference; fileEncoding = 4; lastKnownFileType = sourcecode.swift; path = "UINib+Extension.swift"; sourceTree = "<group>"; };
		1D5738F6200BD51500D7E431 /* UITableView+Extension.swift */ = {isa = PBXFileReference; fileEncoding = 4; lastKnownFileType = sourcecode.swift; path = "UITableView+Extension.swift"; sourceTree = "<group>"; };
		1D5738F7200BD51500D7E431 /* UIWindow+Extension.swift */ = {isa = PBXFileReference; fileEncoding = 4; lastKnownFileType = sourcecode.swift; path = "UIWindow+Extension.swift"; sourceTree = "<group>"; };
		1D5738F8200BD51500D7E431 /* Global.swift */ = {isa = PBXFileReference; fileEncoding = 4; lastKnownFileType = sourcecode.swift; path = Global.swift; sourceTree = "<group>"; };
		1D5738FA200BD51500D7E431 /* ViewViewModel.swift */ = {isa = PBXFileReference; fileEncoding = 4; lastKnownFileType = sourcecode.swift; path = ViewViewModel.swift; sourceTree = "<group>"; };
		1D5738FD200BD51500D7E431 /* ArrayModel.swift */ = {isa = PBXFileReference; fileEncoding = 4; lastKnownFileType = sourcecode.swift; path = ArrayModel.swift; sourceTree = "<group>"; };
		1D5738FF200BD51500D7E431 /* ArrayModelAddOption.swift */ = {isa = PBXFileReference; fileEncoding = 4; lastKnownFileType = sourcecode.swift; path = ArrayModelAddOption.swift; sourceTree = "<group>"; };
		1D573900200BD51500D7E431 /* ArrayModelMoveOption.swift */ = {isa = PBXFileReference; fileEncoding = 4; lastKnownFileType = sourcecode.swift; path = ArrayModelMoveOption.swift; sourceTree = "<group>"; };
		1D573901200BD51500D7E431 /* ArrayModelOption.swift */ = {isa = PBXFileReference; fileEncoding = 4; lastKnownFileType = sourcecode.swift; path = ArrayModelOption.swift; sourceTree = "<group>"; };
		1D573902200BD51500D7E431 /* ArrayModelRemoveOption.swift */ = {isa = PBXFileReference; fileEncoding = 4; lastKnownFileType = sourcecode.swift; path = ArrayModelRemoveOption.swift; sourceTree = "<group>"; };
		1D573905200BD51500D7E431 /* FileSystemImageModel.swift */ = {isa = PBXFileReference; fileEncoding = 4; lastKnownFileType = sourcecode.swift; path = FileSystemImageModel.swift; sourceTree = "<group>"; };
		1D573906200BD51500D7E431 /* ImageModel.swift */ = {isa = PBXFileReference; fileEncoding = 4; lastKnownFileType = sourcecode.swift; path = ImageModel.swift; sourceTree = "<group>"; };
		1D573908200BD51500D7E431 /* InternetImageModel.swift */ = {isa = PBXFileReference; fileEncoding = 4; lastKnownFileType = sourcecode.swift; path = InternetImageModel.swift; sourceTree = "<group>"; };
		1D573909200BD51500D7E431 /* DBModel.swift */ = {isa = PBXFileReference; fileEncoding = 4; lastKnownFileType = sourcecode.swift; path = DBModel.swift; sourceTree = "<group>"; };
		1D573912200BD51500D7E431 /* LoginViewModel.swift */ = {isa = PBXFileReference; fileEncoding = 4; lastKnownFileType = sourcecode.swift; path = LoginViewModel.swift; sourceTree = "<group>"; };
		1D5D1549202B6F10001DB417 /* Context.swift */ = {isa = PBXFileReference; fileEncoding = 4; lastKnownFileType = sourcecode.swift; path = Context.swift; sourceTree = "<group>"; };
		1D5D154B202B6F10001DB417 /* PublicContext.swift */ = {isa = PBXFileReference; fileEncoding = 4; lastKnownFileType = sourcecode.swift; path = PublicContext.swift; sourceTree = "<group>"; };
		1D5D154D202B6F10001DB417 /* OrdersContext.swift */ = {isa = PBXFileReference; fileEncoding = 4; lastKnownFileType = sourcecode.swift; path = OrdersContext.swift; sourceTree = "<group>"; };
		1D5D46392034BF8700EF6384 /* CurrenciesModel.swift */ = {isa = PBXFileReference; lastKnownFileType = sourcecode.swift; path = CurrenciesModel.swift; sourceTree = "<group>"; };
		1D5D78C8203359F2009906C3 /* AlertService.swift */ = {isa = PBXFileReference; lastKnownFileType = sourcecode.swift; path = AlertService.swift; sourceTree = "<group>"; };
		1D62529C20190AEC0047CB7C /* CurrencyModel.swift */ = {isa = PBXFileReference; lastKnownFileType = sourcecode.swift; path = CurrencyModel.swift; sourceTree = "<group>"; };
		1D62529F20190E710047CB7C /* BalanceCell.xib */ = {isa = PBXFileReference; lastKnownFileType = file.xib; path = BalanceCell.xib; sourceTree = "<group>"; };
		1D6252A120190E940047CB7C /* BalanceCell.swift */ = {isa = PBXFileReference; lastKnownFileType = sourcecode.swift; path = BalanceCell.swift; sourceTree = "<group>"; };
		1D6252A32019103B0047CB7C /* BalancesViewModel.swift */ = {isa = PBXFileReference; lastKnownFileType = sourcecode.swift; path = BalancesViewModel.swift; sourceTree = "<group>"; };
		1D6A23042016721500A25F13 /* HeaderView.xib */ = {isa = PBXFileReference; lastKnownFileType = file.xib; path = HeaderView.xib; sourceTree = "<group>"; };
		1D6A23062016723500A25F13 /* HeaderView.swift */ = {isa = PBXFileReference; lastKnownFileType = sourcecode.swift; path = HeaderView.swift; sourceTree = "<group>"; };
		1D6B3DDD2014EF92009BBAF7 /* LoginView.swift */ = {isa = PBXFileReference; fileEncoding = 4; lastKnownFileType = sourcecode.swift; path = LoginView.swift; sourceTree = "<group>"; };
		1D6B3DDE2014EF92009BBAF7 /* LoginViewController.swift */ = {isa = PBXFileReference; fileEncoding = 4; lastKnownFileType = sourcecode.swift; path = LoginViewController.swift; sourceTree = "<group>"; };
		1D6B3DDF2014EF92009BBAF7 /* LoginViewController.xib */ = {isa = PBXFileReference; fileEncoding = 4; lastKnownFileType = file.xib; path = LoginViewController.xib; sourceTree = "<group>"; };
		1D6B3DE12014EF92009BBAF7 /* BalancesViewController.swift */ = {isa = PBXFileReference; fileEncoding = 4; lastKnownFileType = sourcecode.swift; path = BalancesViewController.swift; sourceTree = "<group>"; };
		1D6B3DE22014EF92009BBAF7 /* BalancesView.swift */ = {isa = PBXFileReference; fileEncoding = 4; lastKnownFileType = sourcecode.swift; path = BalancesView.swift; sourceTree = "<group>"; };
		1D6B3DE32014EF92009BBAF7 /* BalancesViewController.xib */ = {isa = PBXFileReference; fileEncoding = 4; lastKnownFileType = file.xib; path = BalancesViewController.xib; sourceTree = "<group>"; };
		1D6F74FC20361560003E4326 /* Loadable.swift */ = {isa = PBXFileReference; lastKnownFileType = sourcecode.swift; path = Loadable.swift; sourceTree = "<group>"; };
		1D7190332020FA7200EA2EC6 /* ViewModel.swift */ = {isa = PBXFileReference; lastKnownFileType = sourcecode.swift; path = ViewModel.swift; sourceTree = "<group>"; };
		1D7190392021007F00EA2EC6 /* BalancesModel.swift */ = {isa = PBXFileReference; fileEncoding = 4; lastKnownFileType = sourcecode.swift; path = BalancesModel.swift; sourceTree = "<group>"; };
		1D72CEA4203E134B00288DED /* MarketsView.swift */ = {isa = PBXFileReference; fileEncoding = 4; lastKnownFileType = sourcecode.swift; path = MarketsView.swift; sourceTree = "<group>"; };
		1D72CEA5203E134B00288DED /* MarketsViewController.swift */ = {isa = PBXFileReference; fileEncoding = 4; lastKnownFileType = sourcecode.swift; path = MarketsViewController.swift; sourceTree = "<group>"; };
		1D72CEA6203E134B00288DED /* MarketsViewController.xib */ = {isa = PBXFileReference; fileEncoding = 4; lastKnownFileType = file.xib; path = MarketsViewController.xib; sourceTree = "<group>"; };
		1D73B02D201A47090087A775 /* BalanceModel.swift */ = {isa = PBXFileReference; lastKnownFileType = sourcecode.swift; path = BalanceModel.swift; sourceTree = "<group>"; };
		1D73B030201A48310087A775 /* BalanceViewModel.swift */ = {isa = PBXFileReference; lastKnownFileType = sourcecode.swift; path = BalanceViewModel.swift; sourceTree = "<group>"; };
		1D746A5C203B3D8F00153CAF /* OrdersViewController.swift */ = {isa = PBXFileReference; fileEncoding = 4; lastKnownFileType = sourcecode.swift; path = OrdersViewController.swift; sourceTree = "<group>"; };
		1D746A5D203B3D9000153CAF /* OrdersViewController.xib */ = {isa = PBXFileReference; fileEncoding = 4; lastKnownFileType = file.xib; path = OrdersViewController.xib; sourceTree = "<group>"; };
		1D746A5E203B3D9000153CAF /* OrdersView.swift */ = {isa = PBXFileReference; fileEncoding = 4; lastKnownFileType = sourcecode.swift; path = OrdersView.swift; sourceTree = "<group>"; };
		1D746A63203B3EF300153CAF /* OrdersViewModel.swift */ = {isa = PBXFileReference; lastKnownFileType = sourcecode.swift; path = OrdersViewModel.swift; sourceTree = "<group>"; };
		1D746A68203B7DFC00153CAF /* HistoryViewController.swift */ = {isa = PBXFileReference; fileEncoding = 4; lastKnownFileType = sourcecode.swift; path = HistoryViewController.swift; sourceTree = "<group>"; };
		1D746A69203B7DFC00153CAF /* HistoryViewController.xib */ = {isa = PBXFileReference; fileEncoding = 4; lastKnownFileType = file.xib; path = HistoryViewController.xib; sourceTree = "<group>"; };
		1D746A6A203B7DFC00153CAF /* HistoryView.swift */ = {isa = PBXFileReference; fileEncoding = 4; lastKnownFileType = sourcecode.swift; path = HistoryView.swift; sourceTree = "<group>"; };
		1D746A6F203B7ED500153CAF /* HistoryViewModel.swift */ = {isa = PBXFileReference; fileEncoding = 4; lastKnownFileType = sourcecode.swift; path = HistoryViewModel.swift; sourceTree = "<group>"; };
		1D758AC52024D8CF00419689 /* RealmService.swift */ = {isa = PBXFileReference; lastKnownFileType = sourcecode.swift; path = RealmService.swift; sourceTree = "<group>"; };
		1D7590FE1FFECED200573899 /* Kuna.app */ = {isa = PBXFileReference; explicitFileType = wrapper.application; includeInIndex = 0; path = Kuna.app; sourceTree = BUILT_PRODUCTS_DIR; };
		1D7591141FFECED200573899 /* AppDelegate.swift */ = {isa = PBXFileReference; fileEncoding = 4; lastKnownFileType = sourcecode.swift; path = AppDelegate.swift; sourceTree = "<group>"; };
		1D7591151FFECED200573899 /* Info.plist */ = {isa = PBXFileReference; fileEncoding = 4; lastKnownFileType = text.plist.xml; path = Info.plist; sourceTree = "<group>"; };
		1D7591171FFECED200573899 /* Assets.xcassets */ = {isa = PBXFileReference; lastKnownFileType = folder.assetcatalog; path = Assets.xcassets; sourceTree = "<group>"; };
		1D7591191FFECED200573899 /* Base */ = {isa = PBXFileReference; lastKnownFileType = file.storyboard; name = Base; path = Base.lproj/LaunchScreen.storyboard; sourceTree = "<group>"; };
		1D75911B1FFECED200573899 /* Base */ = {isa = PBXFileReference; lastKnownFileType = file.storyboard; name = Base; path = Base.lproj/Main.storyboard; sourceTree = "<group>"; };
		1D77C31720134399004DC212 /* NSData+Extension.swift */ = {isa = PBXFileReference; lastKnownFileType = sourcecode.swift; path = "NSData+Extension.swift"; sourceTree = "<group>"; };
		1D77C31A20136B73004DC212 /* AccessTokenModel.swift */ = {isa = PBXFileReference; fileEncoding = 4; lastKnownFileType = sourcecode.swift; path = AccessTokenModel.swift; sourceTree = "<group>"; };
		1D78755E2028CCD5006C07C3 /* TradingsViewModel.swift */ = {isa = PBXFileReference; lastKnownFileType = sourcecode.swift; path = TradingsViewModel.swift; sourceTree = "<group>"; };
		1D7875642028EFA7006C07C3 /* ViewController.swift */ = {isa = PBXFileReference; lastKnownFileType = sourcecode.swift; path = ViewController.swift; sourceTree = "<group>"; };
		1D78757520290569006C07C3 /* OrderCell.swift */ = {isa = PBXFileReference; lastKnownFileType = sourcecode.swift; path = OrderCell.swift; sourceTree = "<group>"; };
		1D7B9195203A21F30068EEAC /* TradingModel.swift */ = {isa = PBXFileReference; lastKnownFileType = sourcecode.swift; path = TradingModel.swift; sourceTree = "<group>"; };
		1D7B9198203A29D10068EEAC /* TradingsContext.swift */ = {isa = PBXFileReference; lastKnownFileType = sourcecode.swift; path = TradingsContext.swift; sourceTree = "<group>"; };
		1D7B919A203A2B100068EEAC /* OrderCell.xib */ = {isa = PBXFileReference; fileEncoding = 4; lastKnownFileType = file.xib; path = OrderCell.xib; sourceTree = "<group>"; };
		1D7B919D203A2D900068EEAC /* TradingViewModel.swift */ = {isa = PBXFileReference; lastKnownFileType = sourcecode.swift; path = TradingViewModel.swift; sourceTree = "<group>"; };
		1D7C6D42202ED94F00D99F7D /* OrdersResponseParser.swift */ = {isa = PBXFileReference; lastKnownFileType = sourcecode.swift; path = OrdersResponseParser.swift; sourceTree = "<group>"; };
		1D7C6D45202EDADE00D99F7D /* OrdersModel.swift */ = {isa = PBXFileReference; lastKnownFileType = sourcecode.swift; path = OrdersModel.swift; sourceTree = "<group>"; };
		1D7C6D47202EF94700D99F7D /* TradingsResponseParser.swift */ = {isa = PBXFileReference; lastKnownFileType = sourcecode.swift; path = TradingsResponseParser.swift; sourceTree = "<group>"; };
		1D7C6D4A202EFC1700D99F7D /* OrderModel.swift */ = {isa = PBXFileReference; lastKnownFileType = sourcecode.swift; path = OrderModel.swift; sourceTree = "<group>"; };
		1D7C6D4D202F3F9200D99F7D /* OrderViewModel.swift */ = {isa = PBXFileReference; lastKnownFileType = sourcecode.swift; path = OrderViewModel.swift; sourceTree = "<group>"; };
		1D7CE9B9201E308500A1F189 /* LoginResponseParser.swift */ = {isa = PBXFileReference; lastKnownFileType = sourcecode.swift; path = LoginResponseParser.swift; sourceTree = "<group>"; };
		1D7CE9BC201E317600A1F189 /* CurrentUserModel.swift */ = {isa = PBXFileReference; lastKnownFileType = sourcecode.swift; path = CurrentUserModel.swift; sourceTree = "<group>"; };
		1D82D6DC20128CC800AC8A84 /* Date+Extension.swift */ = {isa = PBXFileReference; lastKnownFileType = sourcecode.swift; path = "Date+Extension.swift"; sourceTree = "<group>"; };
		1D82D6DF2012A40200AC8A84 /* Header.h */ = {isa = PBXFileReference; lastKnownFileType = sourcecode.c.h; path = Header.h; sourceTree = "<group>"; };
		1D82D6E12012A78D00AC8A84 /* Hmac.swift */ = {isa = PBXFileReference; lastKnownFileType = sourcecode.swift; path = Hmac.swift; sourceTree = "<group>"; };
		1D8B84C1203F46B5004B74F1 /* MarketCell.swift */ = {isa = PBXFileReference; lastKnownFileType = sourcecode.swift; path = MarketCell.swift; sourceTree = "<group>"; };
		1D8B84C2203F46B5004B74F1 /* MarketCell.xib */ = {isa = PBXFileReference; lastKnownFileType = file.xib; path = MarketCell.xib; sourceTree = "<group>"; };
		1D8B84C6203F47BD004B74F1 /* MarketViewModel.swift */ = {isa = PBXFileReference; lastKnownFileType = sourcecode.swift; path = MarketViewModel.swift; sourceTree = "<group>"; };
		1D8B84C9203F7AB9004B74F1 /* MarketsViewModel.swift */ = {isa = PBXFileReference; lastKnownFileType = sourcecode.swift; path = MarketsViewModel.swift; sourceTree = "<group>"; };
		1D8B84CD203F8163004B74F1 /* LoginContext.swift */ = {isa = PBXFileReference; fileEncoding = 4; lastKnownFileType = sourcecode.swift; path = LoginContext.swift; sourceTree = "<group>"; };
		1D8B84CE203F8163004B74F1 /* UserContext.swift */ = {isa = PBXFileReference; fileEncoding = 4; lastKnownFileType = sourcecode.swift; path = UserContext.swift; sourceTree = "<group>"; };
		1D8B84D0203F8163004B74F1 /* UserHistoryContext.swift */ = {isa = PBXFileReference; fileEncoding = 4; lastKnownFileType = sourcecode.swift; path = UserHistoryContext.swift; sourceTree = "<group>"; };
		1D8B84D2203F8163004B74F1 /* UserOrdersContext.swift */ = {isa = PBXFileReference; fileEncoding = 4; lastKnownFileType = sourcecode.swift; path = UserOrdersContext.swift; sourceTree = "<group>"; };
		1D8B89B520264FC0002F7361 /* TradingsViewController.swift */ = {isa = PBXFileReference; lastKnownFileType = sourcecode.swift; path = TradingsViewController.swift; sourceTree = "<group>"; };
		1D8B89B620264FC0002F7361 /* TradingsViewController.xib */ = {isa = PBXFileReference; lastKnownFileType = file.xib; path = TradingsViewController.xib; sourceTree = "<group>"; };
		1D8B89B920265918002F7361 /* TradingsView.swift */ = {isa = PBXFileReference; lastKnownFileType = sourcecode.swift; path = TradingsView.swift; sourceTree = "<group>"; };
		1D8FEF2D2017BCAB00C65D4C /* MainView.swift */ = {isa = PBXFileReference; lastKnownFileType = sourcecode.swift; path = MainView.swift; sourceTree = "<group>"; };
		1D93355A204089C800FFA724 /* NewOrderViewController.swift */ = {isa = PBXFileReference; fileEncoding = 4; lastKnownFileType = sourcecode.swift; path = NewOrderViewController.swift; sourceTree = "<group>"; };
		1D93355B204089C800FFA724 /* NewOrderViewController.xib */ = {isa = PBXFileReference; fileEncoding = 4; lastKnownFileType = file.xib; path = NewOrderViewController.xib; sourceTree = "<group>"; };
		1D93355C204089C800FFA724 /* NewOrderView.swift */ = {isa = PBXFileReference; fileEncoding = 4; lastKnownFileType = sourcecode.swift; path = NewOrderView.swift; sourceTree = "<group>"; };
		1D9335622040B16600FFA724 /* UIColor+Extension.swift */ = {isa = PBXFileReference; lastKnownFileType = sourcecode.swift; path = "UIColor+Extension.swift"; sourceTree = "<group>"; };
		92B6FC9A4D590457BB68ED47 /* Pods_Kuna.framework */ = {isa = PBXFileReference; explicitFileType = wrapper.framework; includeInIndex = 0; path = Pods_Kuna.framework; sourceTree = BUILT_PRODUCTS_DIR; };
		9381D65F42BE6BE7A1C10D23 /* Pods-Kuna.release.xcconfig */ = {isa = PBXFileReference; includeInIndex = 1; lastKnownFileType = text.xcconfig; name = "Pods-Kuna.release.xcconfig"; path = "Pods/Target Support Files/Pods-Kuna/Pods-Kuna.release.xcconfig"; sourceTree = "<group>"; };
		CCBA8725F3E9D79814540397 /* Pods-Kuna.debug.xcconfig */ = {isa = PBXFileReference; includeInIndex = 1; lastKnownFileType = text.xcconfig; name = "Pods-Kuna.debug.xcconfig"; path = "Pods/Target Support Files/Pods-Kuna/Pods-Kuna.debug.xcconfig"; sourceTree = "<group>"; };
/* End PBXFileReference section */

/* Begin PBXFrameworksBuildPhase section */
		1D7590FB1FFECED200573899 /* Frameworks */ = {
			isa = PBXFrameworksBuildPhase;
			buildActionMask = 2147483647;
			files = (
				1FE5552D8B5E4588791BC788 /* Pods_Kuna.framework in Frameworks */,
			);
			runOnlyForDeploymentPostprocessing = 0;
		};
/* End PBXFrameworksBuildPhase section */

/* Begin PBXGroup section */
		1D1567F420309EC800BE0D0A /* MarketModel */ = {
			isa = PBXGroup;
			children = (
				1D1567F520309ED800BE0D0A /* MarketModel.swift */,
			);
			path = MarketModel;
			sourceTree = "<group>";
		};
		1D5738E6200BD51500D7E431 /* Source */ = {
			isa = PBXGroup;
			children = (
				1D5D1548202B6F10001DB417 /* Contexts */,
				1D5738EC200BD51500D7E431 /* Libraries */,
				1D5738FB200BD51500D7E431 /* Models */,
				1D57390A200BD51500D7E431 /* UI */,
				1D573910200BD51500D7E431 /* ViewModels */,
			);
			path = Source;
			sourceTree = "<group>";
		};
		1D5738EC200BD51500D7E431 /* Libraries */ = {
			isa = PBXGroup;
			children = (
				1D5738F8200BD51500D7E431 /* Global.swift */,
				1D5738ED200BD51500D7E431 /* Classes */,
				1D5738F2200BD51500D7E431 /* Extensions */,
				1D7CE9B7201E307100A1F189 /* Parsers */,
				1D5738F9200BD51500D7E431 /* Protocols */,
				1D758AC32024D89000419689 /* Services */,
			);
			path = Libraries;
			sourceTree = "<group>";
		};
		1D5738ED200BD51500D7E431 /* Classes */ = {
			isa = PBXGroup;
			children = (
				1D82D6E02012A77C00AC8A84 /* Hmac */,
			);
			path = Classes;
			sourceTree = "<group>";
		};
		1D5738F2200BD51500D7E431 /* Extensions */ = {
			isa = PBXGroup;
			children = (
				1D5738F3200BD51500D7E431 /* FileManager+Extension.swift */,
				1D5738F4200BD51500D7E431 /* String+Extension.swift */,
				1D5738F5200BD51500D7E431 /* UINib+Extension.swift */,
				1D5738F6200BD51500D7E431 /* UITableView+Extension.swift */,
				1D5738F7200BD51500D7E431 /* UIWindow+Extension.swift */,
				1D82D6DC20128CC800AC8A84 /* Date+Extension.swift */,
				1D77C31720134399004DC212 /* NSData+Extension.swift */,
				1D9335622040B16600FFA724 /* UIColor+Extension.swift */,
			);
			path = Extensions;
			sourceTree = "<group>";
		};
		1D5738F9200BD51500D7E431 /* Protocols */ = {
			isa = PBXGroup;
			children = (
				1D5738FA200BD51500D7E431 /* ViewViewModel.swift */,
				1D6F74FC20361560003E4326 /* Loadable.swift */,
			);
			path = Protocols;
			sourceTree = "<group>";
		};
		1D5738FB200BD51500D7E431 /* Models */ = {
			isa = PBXGroup;
			children = (
				1D573909200BD51500D7E431 /* DBModel.swift */,
				1D77C31920136B73004DC212 /* AccessTokenModel */,
				1D5738FC200BD51500D7E431 /* ArrayModel */,
				1D73B02C201A46ED0087A775 /* BalanceModel */,
				1D5D46382034BF2B00EF6384 /* CurrenciesModel */,
				1D62529B20190AD90047CB7C /* CurrencyModel */,
				1D7CE9BB201E315C00A1F189 /* CurrentUserModel */,
				1D573903200BD51500D7E431 /* ImageModel */,
				1D1567F420309EC800BE0D0A /* MarketModel */,
				1D7C6D49202EFB5200D99F7D /* OrderModel */,
				1D7C6D44202EDACF00D99F7D /* OrdersModel */,
				1D7B9193203A21CC0068EEAC /* TradingModel */,
				1D7B9194203A21CC0068EEAC /* TradingsModel */,
			);
			path = Models;
			sourceTree = "<group>";
		};
		1D5738FC200BD51500D7E431 /* ArrayModel */ = {
			isa = PBXGroup;
			children = (
				1D5738FD200BD51500D7E431 /* ArrayModel.swift */,
				1D7190382021007F00EA2EC6 /* BalancesModel */,
				1D5738FE200BD51500D7E431 /* ArrayModelOptions */,
			);
			path = ArrayModel;
			sourceTree = "<group>";
		};
		1D5738FE200BD51500D7E431 /* ArrayModelOptions */ = {
			isa = PBXGroup;
			children = (
				1D5738FF200BD51500D7E431 /* ArrayModelAddOption.swift */,
				1D573900200BD51500D7E431 /* ArrayModelMoveOption.swift */,
				1D573901200BD51500D7E431 /* ArrayModelOption.swift */,
				1D573902200BD51500D7E431 /* ArrayModelRemoveOption.swift */,
			);
			path = ArrayModelOptions;
			sourceTree = "<group>";
		};
		1D573903200BD51500D7E431 /* ImageModel */ = {
			isa = PBXGroup;
			children = (
				1D573906200BD51500D7E431 /* ImageModel.swift */,
				1D573904200BD51500D7E431 /* FileSystemImageModel */,
				1D573907200BD51500D7E431 /* InternetImageModel */,
			);
			path = ImageModel;
			sourceTree = "<group>";
		};
		1D573904200BD51500D7E431 /* FileSystemImageModel */ = {
			isa = PBXGroup;
			children = (
				1D573905200BD51500D7E431 /* FileSystemImageModel.swift */,
			);
			path = FileSystemImageModel;
			sourceTree = "<group>";
		};
		1D573907200BD51500D7E431 /* InternetImageModel */ = {
			isa = PBXGroup;
			children = (
				1D573908200BD51500D7E431 /* InternetImageModel.swift */,
			);
			path = InternetImageModel;
			sourceTree = "<group>";
		};
		1D57390A200BD51500D7E431 /* UI */ = {
			isa = PBXGroup;
			children = (
				1D6A2302201671E300A25F13 /* Views */,
				1D57390B200BD51500D7E431 /* Controllers */,
			);
			path = UI;
			sourceTree = "<group>";
		};
		1D57390B200BD51500D7E431 /* Controllers */ = {
			isa = PBXGroup;
			children = (
				1D6B3DE02014EF92009BBAF7 /* BalancesViewController */,
				1D6252972019010A0047CB7C /* HistoryViewController */,
				1D6B3DDC2014EF92009BBAF7 /* LoginViewController */,
				1D72CEA3203E134B00288DED /* MarketViewController */,
				1D933559204089A700FFA724 /* NewOrderViewController */,
				1D625298201901100047CB7C /* OrdersViewController */,
				1D625299201901170047CB7C /* TradingsViewController */,
				1D7875632028EF8A006C07C3 /* ViewController */,
			);
			path = Controllers;
			sourceTree = "<group>";
		};
		1D573910200BD51500D7E431 /* ViewModels */ = {
			isa = PBXGroup;
			children = (
				1D7190332020FA7200EA2EC6 /* ViewModel.swift */,
				1D73B02F201A47D90087A775 /* BalanceViewModel */,
				1D62529A20190A780047CB7C /* BalancesViewModel */,
				1D746A6E203B7ED500153CAF /* HistoryViewModel */,
				1D573911200BD51500D7E431 /* LoginViewModel */,
				1D8B84C8203F7AA3004B74F1 /* MarketsViewModel */,
				1D8B84C5203F47AE004B74F1 /* MarketViewModel */,
				1D7C6D4C202F3F7E00D99F7D /* OrderViewModel */,
				1D746A62203B3EDB00153CAF /* OrdersViewModel */,
				1D7B919C203A2D710068EEAC /* TradingViewModel */,
				1D78755D2028CCB1006C07C3 /* TradingsViewModel */,
			);
			path = ViewModels;
			sourceTree = "<group>";
		};
		1D573911200BD51500D7E431 /* LoginViewModel */ = {
			isa = PBXGroup;
			children = (
				1D573912200BD51500D7E431 /* LoginViewModel.swift */,
			);
			path = LoginViewModel;
			sourceTree = "<group>";
		};
		1D5D1548202B6F10001DB417 /* Contexts */ = {
			isa = PBXGroup;
			children = (
				1D5D1549202B6F10001DB417 /* Context.swift */,
				1D5D154A202B6F10001DB417 /* PublicContext */,
			);
			path = Contexts;
			sourceTree = "<group>";
		};
		1D5D154A202B6F10001DB417 /* PublicContext */ = {
			isa = PBXGroup;
			children = (
				1D5D154B202B6F10001DB417 /* PublicContext.swift */,
				1D5D154C202B6F10001DB417 /* OrdersContext */,
				1D7B9197203A29AD0068EEAC /* TradingsContext */,
				1D8B84CB203F8163004B74F1 /* UserContext */,
			);
			path = PublicContext;
			sourceTree = "<group>";
		};
		1D5D154C202B6F10001DB417 /* OrdersContext */ = {
			isa = PBXGroup;
			children = (
				1D5D154D202B6F10001DB417 /* OrdersContext.swift */,
			);
			path = OrdersContext;
			sourceTree = "<group>";
		};
		1D5D46382034BF2B00EF6384 /* CurrenciesModel */ = {
			isa = PBXGroup;
			children = (
				1D5D46392034BF8700EF6384 /* CurrenciesModel.swift */,
			);
			path = CurrenciesModel;
			sourceTree = "<group>";
		};
		1D5D78C7203359E0009906C3 /* AlertService */ = {
			isa = PBXGroup;
			children = (
				1D5D78C8203359F2009906C3 /* AlertService.swift */,
			);
			path = AlertService;
			sourceTree = "<group>";
		};
		1D6252972019010A0047CB7C /* HistoryViewController */ = {
			isa = PBXGroup;
			children = (
				1D746A6A203B7DFC00153CAF /* HistoryView.swift */,
				1D746A68203B7DFC00153CAF /* HistoryViewController.swift */,
				1D746A69203B7DFC00153CAF /* HistoryViewController.xib */,
			);
			path = HistoryViewController;
			sourceTree = "<group>";
		};
		1D625298201901100047CB7C /* OrdersViewController */ = {
			isa = PBXGroup;
			children = (
				1D746A5E203B3D9000153CAF /* OrdersView.swift */,
				1D746A5C203B3D8F00153CAF /* OrdersViewController.swift */,
				1D746A5D203B3D9000153CAF /* OrdersViewController.xib */,
			);
			path = OrdersViewController;
			sourceTree = "<group>";
		};
		1D625299201901170047CB7C /* TradingsViewController */ = {
			isa = PBXGroup;
			children = (
				1D8B89B920265918002F7361 /* TradingsView.swift */,
				1D8B89B520264FC0002F7361 /* TradingsViewController.swift */,
				1D8B89B620264FC0002F7361 /* TradingsViewController.xib */,
			);
			path = TradingsViewController;
			sourceTree = "<group>";
		};
		1D62529A20190A780047CB7C /* BalancesViewModel */ = {
			isa = PBXGroup;
			children = (
				1D6252A32019103B0047CB7C /* BalancesViewModel.swift */,
			);
			path = BalancesViewModel;
			sourceTree = "<group>";
		};
		1D62529B20190AD90047CB7C /* CurrencyModel */ = {
			isa = PBXGroup;
			children = (
				1D62529C20190AEC0047CB7C /* CurrencyModel.swift */,
			);
			path = CurrencyModel;
			sourceTree = "<group>";
		};
		1D62529E20190E320047CB7C /* BalanceCell */ = {
			isa = PBXGroup;
			children = (
				1D6252A120190E940047CB7C /* BalanceCell.swift */,
				1D62529F20190E710047CB7C /* BalanceCell.xib */,
			);
			path = BalanceCell;
			sourceTree = "<group>";
		};
		1D6A2302201671E300A25F13 /* Views */ = {
			isa = PBXGroup;
			children = (
				1D62529E20190E320047CB7C /* BalanceCell */,
				1D6A2303201671E300A25F13 /* HeaderView */,
				1D8FEF2C2017BC9900C65D4C /* MainView */,
				1D8B84BE203F465A004B74F1 /* MarketCell */,
				1D7875682028F73A006C07C3 /* OrderCell */,
			);
			path = Views;
			sourceTree = "<group>";
		};
		1D6A2303201671E300A25F13 /* HeaderView */ = {
			isa = PBXGroup;
			children = (
				1D6A23062016723500A25F13 /* HeaderView.swift */,
				1D6A23042016721500A25F13 /* HeaderView.xib */,
			);
			path = HeaderView;
			sourceTree = "<group>";
		};
		1D6B3DDC2014EF92009BBAF7 /* LoginViewController */ = {
			isa = PBXGroup;
			children = (
				1D6B3DDD2014EF92009BBAF7 /* LoginView.swift */,
				1D6B3DDE2014EF92009BBAF7 /* LoginViewController.swift */,
				1D6B3DDF2014EF92009BBAF7 /* LoginViewController.xib */,
			);
			path = LoginViewController;
			sourceTree = "<group>";
		};
		1D6B3DE02014EF92009BBAF7 /* BalancesViewController */ = {
			isa = PBXGroup;
			children = (
				1D6B3DE22014EF92009BBAF7 /* BalancesView.swift */,
				1D6B3DE12014EF92009BBAF7 /* BalancesViewController.swift */,
				1D6B3DE32014EF92009BBAF7 /* BalancesViewController.xib */,
			);
			path = BalancesViewController;
			sourceTree = "<group>";
		};
		1D7190382021007F00EA2EC6 /* BalancesModel */ = {
			isa = PBXGroup;
			children = (
				1D7190392021007F00EA2EC6 /* BalancesModel.swift */,
			);
			path = BalancesModel;
			sourceTree = "<group>";
		};
		1D72CEA3203E134B00288DED /* MarketViewController */ = {
			isa = PBXGroup;
			children = (
				1D72CEA4203E134B00288DED /* MarketsView.swift */,
				1D72CEA5203E134B00288DED /* MarketsViewController.swift */,
				1D72CEA6203E134B00288DED /* MarketsViewController.xib */,
			);
			path = MarketViewController;
			sourceTree = "<group>";
		};
		1D73B02C201A46ED0087A775 /* BalanceModel */ = {
			isa = PBXGroup;
			children = (
				1D73B02D201A47090087A775 /* BalanceModel.swift */,
			);
			path = BalanceModel;
			sourceTree = "<group>";
		};
		1D73B02F201A47D90087A775 /* BalanceViewModel */ = {
			isa = PBXGroup;
			children = (
				1D73B030201A48310087A775 /* BalanceViewModel.swift */,
			);
			path = BalanceViewModel;
			sourceTree = "<group>";
		};
		1D746A62203B3EDB00153CAF /* OrdersViewModel */ = {
			isa = PBXGroup;
			children = (
				1D746A63203B3EF300153CAF /* OrdersViewModel.swift */,
			);
			path = OrdersViewModel;
			sourceTree = "<group>";
		};
		1D746A6E203B7ED500153CAF /* HistoryViewModel */ = {
			isa = PBXGroup;
			children = (
				1D746A6F203B7ED500153CAF /* HistoryViewModel.swift */,
			);
			path = HistoryViewModel;
			sourceTree = "<group>";
		};
		1D758AC32024D89000419689 /* Services */ = {
			isa = PBXGroup;
			children = (
				1D5D78C7203359E0009906C3 /* AlertService */,
				1D758AC42024D89000419689 /* RealmService */,
			);
			path = Services;
			sourceTree = "<group>";
		};
		1D758AC42024D89000419689 /* RealmService */ = {
			isa = PBXGroup;
			children = (
				1D758AC52024D8CF00419689 /* RealmService.swift */,
			);
			path = RealmService;
			sourceTree = "<group>";
		};
		1D7590F51FFECED200573899 = {
			isa = PBXGroup;
			children = (
				1D7591131FFECED200573899 /* Kuna */,
				1D7590FF1FFECED200573899 /* Products */,
				3B2C1464CCEEAFD2FBA9CB37 /* Pods */,
				A738C2E4829E0F2AE1009D68 /* Frameworks */,
			);
			sourceTree = "<group>";
		};
		1D7590FF1FFECED200573899 /* Products */ = {
			isa = PBXGroup;
			children = (
				1D7590FE1FFECED200573899 /* Kuna.app */,
			);
			name = Products;
			sourceTree = "<group>";
		};
		1D7591131FFECED200573899 /* Kuna */ = {
			isa = PBXGroup;
			children = (
				1D7591151FFECED200573899 /* Info.plist */,
				1D7591141FFECED200573899 /* AppDelegate.swift */,
				1D7591161FFECED200573899 /* Resources */,
				1D5738E6200BD51500D7E431 /* Source */,
			);
			path = Kuna;
			sourceTree = "<group>";
		};
		1D7591161FFECED200573899 /* Resources */ = {
			isa = PBXGroup;
			children = (
				1D7591171FFECED200573899 /* Assets.xcassets */,
				1D7591181FFECED200573899 /* LaunchScreen.storyboard */,
				1D75911A1FFECED200573899 /* Main.storyboard */,
				1D82D6DF2012A40200AC8A84 /* Header.h */,
			);
			path = Resources;
			sourceTree = "<group>";
		};
		1D77C31920136B73004DC212 /* AccessTokenModel */ = {
			isa = PBXGroup;
			children = (
				1D77C31A20136B73004DC212 /* AccessTokenModel.swift */,
			);
			path = AccessTokenModel;
			sourceTree = "<group>";
		};
		1D78755D2028CCB1006C07C3 /* TradingsViewModel */ = {
			isa = PBXGroup;
			children = (
				1D78755E2028CCD5006C07C3 /* TradingsViewModel.swift */,
			);
			path = TradingsViewModel;
			sourceTree = "<group>";
		};
		1D7875632028EF8A006C07C3 /* ViewController */ = {
			isa = PBXGroup;
			children = (
				1D7875642028EFA7006C07C3 /* ViewController.swift */,
			);
			path = ViewController;
			sourceTree = "<group>";
		};
		1D7875682028F73A006C07C3 /* OrderCell */ = {
			isa = PBXGroup;
			children = (
				1D78757520290569006C07C3 /* OrderCell.swift */,
				1D7B919A203A2B100068EEAC /* OrderCell.xib */,
			);
			path = OrderCell;
			sourceTree = "<group>";
		};
		1D7B9193203A21CC0068EEAC /* TradingModel */ = {
			isa = PBXGroup;
			children = (
				1D7B9195203A21F30068EEAC /* TradingModel.swift */,
			);
			path = TradingModel;
			sourceTree = "<group>";
		};
		1D7B9194203A21CC0068EEAC /* TradingsModel */ = {
			isa = PBXGroup;
			children = (
			);
			path = TradingsModel;
			sourceTree = "<group>";
		};
		1D7B9197203A29AD0068EEAC /* TradingsContext */ = {
			isa = PBXGroup;
			children = (
				1D7B9198203A29D10068EEAC /* TradingsContext.swift */,
			);
			path = TradingsContext;
			sourceTree = "<group>";
		};
		1D7B919C203A2D710068EEAC /* TradingViewModel */ = {
			isa = PBXGroup;
			children = (
				1D7B919D203A2D900068EEAC /* TradingViewModel.swift */,
			);
			path = TradingViewModel;
			sourceTree = "<group>";
		};
		1D7C6D40202ED92E00D99F7D /* TradingsResponseParser */ = {
			isa = PBXGroup;
			children = (
				1D7C6D47202EF94700D99F7D /* TradingsResponseParser.swift */,
			);
			path = TradingsResponseParser;
			sourceTree = "<group>";
		};
		1D7C6D41202ED92E00D99F7D /* OrdersResponseParser */ = {
			isa = PBXGroup;
			children = (
				1D7C6D42202ED94F00D99F7D /* OrdersResponseParser.swift */,
			);
			path = OrdersResponseParser;
			sourceTree = "<group>";
		};
		1D7C6D44202EDACF00D99F7D /* OrdersModel */ = {
			isa = PBXGroup;
			children = (
				1D7C6D45202EDADE00D99F7D /* OrdersModel.swift */,
			);
			path = OrdersModel;
			sourceTree = "<group>";
		};
		1D7C6D49202EFB5200D99F7D /* OrderModel */ = {
			isa = PBXGroup;
			children = (
				1D7C6D4A202EFC1700D99F7D /* OrderModel.swift */,
			);
			path = OrderModel;
			sourceTree = "<group>";
		};
		1D7C6D4C202F3F7E00D99F7D /* OrderViewModel */ = {
			isa = PBXGroup;
			children = (
				1D7C6D4D202F3F9200D99F7D /* OrderViewModel.swift */,
			);
			path = OrderViewModel;
			sourceTree = "<group>";
		};
		1D7CE9B7201E307100A1F189 /* Parsers */ = {
			isa = PBXGroup;
			children = (
				1D7C6D41202ED92E00D99F7D /* OrdersResponseParser */,
				1D7C6D40202ED92E00D99F7D /* TradingsResponseParser */,
				1D7CE9B8201E307100A1F189 /* LoginResponseParser */,
			);
			path = Parsers;
			sourceTree = "<group>";
		};
		1D7CE9B8201E307100A1F189 /* LoginResponseParser */ = {
			isa = PBXGroup;
			children = (
				1D7CE9B9201E308500A1F189 /* LoginResponseParser.swift */,
			);
			path = LoginResponseParser;
			sourceTree = "<group>";
		};
		1D7CE9BB201E315C00A1F189 /* CurrentUserModel */ = {
			isa = PBXGroup;
			children = (
				1D7CE9BC201E317600A1F189 /* CurrentUserModel.swift */,
			);
			path = CurrentUserModel;
			sourceTree = "<group>";
		};
		1D82D6E02012A77C00AC8A84 /* Hmac */ = {
			isa = PBXGroup;
			children = (
				1D82D6E12012A78D00AC8A84 /* Hmac.swift */,
			);
			path = Hmac;
			sourceTree = "<group>";
		};
		1D8B84BE203F465A004B74F1 /* MarketCell */ = {
			isa = PBXGroup;
			children = (
				1D8B84C1203F46B5004B74F1 /* MarketCell.swift */,
				1D8B84C2203F46B5004B74F1 /* MarketCell.xib */,
			);
			path = MarketCell;
			sourceTree = "<group>";
		};
		1D8B84C5203F47AE004B74F1 /* MarketViewModel */ = {
			isa = PBXGroup;
			children = (
				1D8B84C6203F47BD004B74F1 /* MarketViewModel.swift */,
			);
			path = MarketViewModel;
			sourceTree = "<group>";
		};
		1D8B84C8203F7AA3004B74F1 /* MarketsViewModel */ = {
			isa = PBXGroup;
			children = (
				1D8B84C9203F7AB9004B74F1 /* MarketsViewModel.swift */,
			);
			path = MarketsViewModel;
			sourceTree = "<group>";
		};
		1D8B84CB203F8163004B74F1 /* UserContext */ = {
			isa = PBXGroup;
			children = (
				1D8B84CE203F8163004B74F1 /* UserContext.swift */,
				1D8B84CC203F8163004B74F1 /* LoginContext */,
				1D8B84CF203F8163004B74F1 /* UserHistoryContext */,
				1D8B84D1203F8163004B74F1 /* UserOrdersContext */,
			);
			path = UserContext;
			sourceTree = "<group>";
		};
		1D8B84CC203F8163004B74F1 /* LoginContext */ = {
			isa = PBXGroup;
			children = (
				1D8B84CD203F8163004B74F1 /* LoginContext.swift */,
			);
			path = LoginContext;
			sourceTree = "<group>";
		};
		1D8B84CF203F8163004B74F1 /* UserHistoryContext */ = {
			isa = PBXGroup;
			children = (
				1D8B84D0203F8163004B74F1 /* UserHistoryContext.swift */,
			);
			path = UserHistoryContext;
			sourceTree = "<group>";
		};
		1D8B84D1203F8163004B74F1 /* UserOrdersContext */ = {
			isa = PBXGroup;
			children = (
				1D8B84D2203F8163004B74F1 /* UserOrdersContext.swift */,
			);
			path = UserOrdersContext;
			sourceTree = "<group>";
		};
		1D8FEF2C2017BC9900C65D4C /* MainView */ = {
			isa = PBXGroup;
			children = (
				1D8FEF2D2017BCAB00C65D4C /* MainView.swift */,
			);
			path = MainView;
			sourceTree = "<group>";
		};
		1D933559204089A700FFA724 /* NewOrderViewController */ = {
			isa = PBXGroup;
			children = (
				1D93355C204089C800FFA724 /* NewOrderView.swift */,
				1D93355A204089C800FFA724 /* NewOrderViewController.swift */,
				1D93355B204089C800FFA724 /* NewOrderViewController.xib */,
			);
			path = NewOrderViewController;
			sourceTree = "<group>";
		};
		3B2C1464CCEEAFD2FBA9CB37 /* Pods */ = {
			isa = PBXGroup;
			children = (
				CCBA8725F3E9D79814540397 /* Pods-Kuna.debug.xcconfig */,
				9381D65F42BE6BE7A1C10D23 /* Pods-Kuna.release.xcconfig */,
			);
			name = Pods;
			sourceTree = "<group>";
		};
		A738C2E4829E0F2AE1009D68 /* Frameworks */ = {
			isa = PBXGroup;
			children = (
				92B6FC9A4D590457BB68ED47 /* Pods_Kuna.framework */,
			);
			name = Frameworks;
			sourceTree = "<group>";
		};
/* End PBXGroup section */

/* Begin PBXNativeTarget section */
		1D7590FD1FFECED200573899 /* Kuna */ = {
			isa = PBXNativeTarget;
			buildConfigurationList = 1D7591101FFECED200573899 /* Build configuration list for PBXNativeTarget "Kuna" */;
			buildPhases = (
				B2B5C55F520B90C351EEE87D /* [CP] Check Pods Manifest.lock */,
				1D7590FA1FFECED200573899 /* Sources */,
				1D7590FB1FFECED200573899 /* Frameworks */,
				1D7590FC1FFECED200573899 /* Resources */,
				7DCC220DFAAFBE4042A1A89C /* [CP] Embed Pods Frameworks */,
				6023401217EA9D43248101AA /* [CP] Copy Pods Resources */,
			);
			buildRules = (
			);
			dependencies = (
			);
			name = Kuna;
			productName = Kuna;
			productReference = 1D7590FE1FFECED200573899 /* Kuna.app */;
			productType = "com.apple.product-type.application";
		};
/* End PBXNativeTarget section */

/* Begin PBXProject section */
		1D7590F61FFECED200573899 /* Project object */ = {
			isa = PBXProject;
			attributes = {
				LastSwiftUpdateCheck = 0920;
				LastUpgradeCheck = 0920;
				ORGANIZATIONNAME = "Aleksey Zuiev";
				TargetAttributes = {
					1D7590FD1FFECED200573899 = {
						CreatedOnToolsVersion = 9.2;
						ProvisioningStyle = Automatic;
					};
				};
			};
			buildConfigurationList = 1D7590F91FFECED200573899 /* Build configuration list for PBXProject "Kuna" */;
			compatibilityVersion = "Xcode 8.0";
			developmentRegion = en;
			hasScannedForEncodings = 0;
			knownRegions = (
				en,
				Base,
			);
			mainGroup = 1D7590F51FFECED200573899;
			productRefGroup = 1D7590FF1FFECED200573899 /* Products */;
			projectDirPath = "";
			projectRoot = "";
			targets = (
				1D7590FD1FFECED200573899 /* Kuna */,
			);
		};
/* End PBXProject section */

/* Begin PBXResourcesBuildPhase section */
		1D7590FC1FFECED200573899 /* Resources */ = {
			isa = PBXResourcesBuildPhase;
			buildActionMask = 2147483647;
			files = (
				1D7B919B203A2B100068EEAC /* OrderCell.xib in Resources */,
				1D7591251FFECED200573899 /* LaunchScreen.storyboard in Resources */,
				1D72CEA9203E134C00288DED /* MarketsViewController.xib in Resources */,
				1D746A60203B3D9000153CAF /* OrdersViewController.xib in Resources */,
				1D6B3DEC2014EF92009BBAF7 /* BalancesViewController.xib in Resources */,
				1D8B84C4203F46B5004B74F1 /* MarketCell.xib in Resources */,
				1D93355E204089C800FFA724 /* NewOrderViewController.xib in Resources */,
				1D6B3DE92014EF92009BBAF7 /* LoginViewController.xib in Resources */,
				1D6252A020190E710047CB7C /* BalanceCell.xib in Resources */,
				1D7591241FFECED200573899 /* Assets.xcassets in Resources */,
				1D746A6C203B7DFC00153CAF /* HistoryViewController.xib in Resources */,
				1D8B89B820264FC0002F7361 /* TradingsViewController.xib in Resources */,
				1D7591261FFECED200573899 /* Main.storyboard in Resources */,
				1D6A23052016721500A25F13 /* HeaderView.xib in Resources */,
			);
			runOnlyForDeploymentPostprocessing = 0;
		};
/* End PBXResourcesBuildPhase section */

/* Begin PBXShellScriptBuildPhase section */
		6023401217EA9D43248101AA /* [CP] Copy Pods Resources */ = {
			isa = PBXShellScriptBuildPhase;
			buildActionMask = 2147483647;
			files = (
			);
			inputPaths = (
			);
			name = "[CP] Copy Pods Resources";
			outputPaths = (
			);
			runOnlyForDeploymentPostprocessing = 0;
			shellPath = /bin/sh;
			shellScript = "\"${SRCROOT}/Pods/Target Support Files/Pods-Kuna/Pods-Kuna-resources.sh\"\n";
			showEnvVarsInLog = 0;
		};
		7DCC220DFAAFBE4042A1A89C /* [CP] Embed Pods Frameworks */ = {
			isa = PBXShellScriptBuildPhase;
			buildActionMask = 2147483647;
			files = (
			);
			inputPaths = (
				"${SRCROOT}/Pods/Target Support Files/Pods-Kuna/Pods-Kuna-frameworks.sh",
				"${BUILT_PRODUCTS_DIR}/Alamofire/Alamofire.framework",
				"${BUILT_PRODUCTS_DIR}/Realm/Realm.framework",
				"${BUILT_PRODUCTS_DIR}/RealmSwift/RealmSwift.framework",
				"${BUILT_PRODUCTS_DIR}/RxCocoa/RxCocoa.framework",
				"${BUILT_PRODUCTS_DIR}/RxSwift/RxSwift.framework",
			);
			name = "[CP] Embed Pods Frameworks";
			outputPaths = (
				"${TARGET_BUILD_DIR}/${FRAMEWORKS_FOLDER_PATH}/Alamofire.framework",
				"${TARGET_BUILD_DIR}/${FRAMEWORKS_FOLDER_PATH}/Realm.framework",
				"${TARGET_BUILD_DIR}/${FRAMEWORKS_FOLDER_PATH}/RealmSwift.framework",
				"${TARGET_BUILD_DIR}/${FRAMEWORKS_FOLDER_PATH}/RxCocoa.framework",
				"${TARGET_BUILD_DIR}/${FRAMEWORKS_FOLDER_PATH}/RxSwift.framework",
			);
			runOnlyForDeploymentPostprocessing = 0;
			shellPath = /bin/sh;
			shellScript = "\"${SRCROOT}/Pods/Target Support Files/Pods-Kuna/Pods-Kuna-frameworks.sh\"\n";
			showEnvVarsInLog = 0;
		};
		B2B5C55F520B90C351EEE87D /* [CP] Check Pods Manifest.lock */ = {
			isa = PBXShellScriptBuildPhase;
			buildActionMask = 2147483647;
			files = (
			);
			inputPaths = (
				"${PODS_PODFILE_DIR_PATH}/Podfile.lock",
				"${PODS_ROOT}/Manifest.lock",
			);
			name = "[CP] Check Pods Manifest.lock";
			outputPaths = (
				"$(DERIVED_FILE_DIR)/Pods-Kuna-checkManifestLockResult.txt",
			);
			runOnlyForDeploymentPostprocessing = 0;
			shellPath = /bin/sh;
			shellScript = "diff \"${PODS_PODFILE_DIR_PATH}/Podfile.lock\" \"${PODS_ROOT}/Manifest.lock\" > /dev/null\nif [ $? != 0 ] ; then\n    # print error to STDERR\n    echo \"error: The sandbox is not in sync with the Podfile.lock. Run 'pod install' or update your CocoaPods installation.\" >&2\n    exit 1\nfi\n# This output is used by Xcode 'outputs' to avoid re-running this script phase.\necho \"SUCCESS\" > \"${SCRIPT_OUTPUT_FILE_0}\"\n";
			showEnvVarsInLog = 0;
		};
/* End PBXShellScriptBuildPhase section */

/* Begin PBXSourcesBuildPhase section */
		1D7590FA1FFECED200573899 /* Sources */ = {
			isa = PBXSourcesBuildPhase;
			buildActionMask = 2147483647;
			files = (
				1D573929200BD51500D7E431 /* LoginViewModel.swift in Sources */,
				1D8B84D6203F8163004B74F1 /* UserOrdersContext.swift in Sources */,
				1D93355D204089C800FFA724 /* NewOrderViewController.swift in Sources */,
				1D5D1554202B6F10001DB417 /* OrdersContext.swift in Sources */,
				1D7591221FFECED200573899 /* AppDelegate.swift in Sources */,
				1D573916200BD51500D7E431 /* FileManager+Extension.swift in Sources */,
				1D57391A200BD51500D7E431 /* UIWindow+Extension.swift in Sources */,
				1D73B02E201A47090087A775 /* BalanceModel.swift in Sources */,
				1D6B3DE82014EF92009BBAF7 /* LoginViewController.swift in Sources */,
				1D5D1553202B6F10001DB417 /* PublicContext.swift in Sources */,
				1D7C6D43202ED94F00D99F7D /* OrdersResponseParser.swift in Sources */,
				1D57391D200BD51500D7E431 /* ArrayModel.swift in Sources */,
				1D73B031201A48310087A775 /* BalanceViewModel.swift in Sources */,
				1D746A6D203B7DFC00153CAF /* HistoryView.swift in Sources */,
				1D77C31820134399004DC212 /* NSData+Extension.swift in Sources */,
				1D8B84CA203F7AB9004B74F1 /* MarketsViewModel.swift in Sources */,
				1D7C6D4E202F3F9200D99F7D /* OrderViewModel.swift in Sources */,
				1D57391E200BD51500D7E431 /* ArrayModelAddOption.swift in Sources */,
				1D573918200BD51500D7E431 /* UINib+Extension.swift in Sources */,
				1D7C6D48202EF94700D99F7D /* TradingsResponseParser.swift in Sources */,
				1D78757620290569006C07C3 /* OrderCell.swift in Sources */,
				1D8B89BA20265918002F7361 /* TradingsView.swift in Sources */,
				1D62529D20190AEC0047CB7C /* CurrencyModel.swift in Sources */,
				1D573917200BD51500D7E431 /* String+Extension.swift in Sources */,
				1D93355F204089C800FFA724 /* NewOrderView.swift in Sources */,
				1D57391F200BD51500D7E431 /* ArrayModelMoveOption.swift in Sources */,
				1D6F74FD20361560003E4326 /* Loadable.swift in Sources */,
				1D71903A2021007F00EA2EC6 /* BalancesModel.swift in Sources */,
				1D5D463A2034BF8700EF6384 /* CurrenciesModel.swift in Sources */,
				1D6252A220190E940047CB7C /* BalanceCell.swift in Sources */,
				1D746A61203B3D9000153CAF /* OrdersView.swift in Sources */,
				1D6252A42019103B0047CB7C /* BalancesViewModel.swift in Sources */,
				1D5D1552202B6F10001DB417 /* Context.swift in Sources */,
				1D82D6E22012A78D00AC8A84 /* Hmac.swift in Sources */,
				1D8B84D4203F8163004B74F1 /* UserContext.swift in Sources */,
				1D82D6DD20128CC800AC8A84 /* Date+Extension.swift in Sources */,
				1D7C6D4B202EFC1700D99F7D /* OrderModel.swift in Sources */,
				1D8B89B720264FC0002F7361 /* TradingsViewController.swift in Sources */,
				1D5D78C9203359F2009906C3 /* AlertService.swift in Sources */,
				1D9335632040B16600FFA724 /* UIColor+Extension.swift in Sources */,
				1D57391B200BD51500D7E431 /* Global.swift in Sources */,
				1D746A6B203B7DFC00153CAF /* HistoryViewController.swift in Sources */,
				1D78755F2028CCD5006C07C3 /* TradingsViewModel.swift in Sources */,
				1D746A5F203B3D9000153CAF /* OrdersViewController.swift in Sources */,
				1D1567F620309ED800BE0D0A /* MarketModel.swift in Sources */,
				1D573919200BD51500D7E431 /* UITableView+Extension.swift in Sources */,
				1D7B9199203A29D10068EEAC /* TradingsContext.swift in Sources */,
				1D573923200BD51500D7E431 /* ImageModel.swift in Sources */,
				1D72CEA7203E134C00288DED /* MarketsView.swift in Sources */,
				1D72CEA8203E134C00288DED /* MarketsViewController.swift in Sources */,
				1D7CE9BA201E308500A1F189 /* LoginResponseParser.swift in Sources */,
				1D573922200BD51500D7E431 /* FileSystemImageModel.swift in Sources */,
				1D7875652028EFA7006C07C3 /* ViewController.swift in Sources */,
				1D8B84C3203F46B5004B74F1 /* MarketCell.swift in Sources */,
				1D573925200BD51500D7E431 /* DBModel.swift in Sources */,
				1D758AC62024D8CF00419689 /* RealmService.swift in Sources */,
				1D6B3DE72014EF92009BBAF7 /* LoginView.swift in Sources */,
				1D573920200BD51500D7E431 /* ArrayModelOption.swift in Sources */,
				1D7190342020FA7200EA2EC6 /* ViewModel.swift in Sources */,
				1D6B3DEB2014EF92009BBAF7 /* BalancesView.swift in Sources */,
				1D8B84C7203F47BD004B74F1 /* MarketViewModel.swift in Sources */,
				1D8B84D5203F8163004B74F1 /* UserHistoryContext.swift in Sources */,
				1D573921200BD51500D7E431 /* ArrayModelRemoveOption.swift in Sources */,
				1D746A70203B7ED600153CAF /* HistoryViewModel.swift in Sources */,
				1D7B919E203A2D900068EEAC /* TradingViewModel.swift in Sources */,
				1D6A23072016723500A25F13 /* HeaderView.swift in Sources */,
				1D7C6D46202EDADE00D99F7D /* OrdersModel.swift in Sources */,
				1D6B3DEA2014EF92009BBAF7 /* BalancesViewController.swift in Sources */,
				1D77C31B20136B73004DC212 /* AccessTokenModel.swift in Sources */,
				1D8B84D3203F8163004B74F1 /* LoginContext.swift in Sources */,
				1D7B9196203A21F30068EEAC /* TradingModel.swift in Sources */,
				1D7CE9BD201E317600A1F189 /* CurrentUserModel.swift in Sources */,
				1D8FEF2E2017BCAB00C65D4C /* MainView.swift in Sources */,
				1D573924200BD51500D7E431 /* InternetImageModel.swift in Sources */,
				1D746A64203B3EF300153CAF /* OrdersViewModel.swift in Sources */,
				1D57391C200BD51500D7E431 /* ViewViewModel.swift in Sources */,
			);
			runOnlyForDeploymentPostprocessing = 0;
		};
/* End PBXSourcesBuildPhase section */

/* Begin PBXVariantGroup section */
		1D7591181FFECED200573899 /* LaunchScreen.storyboard */ = {
			isa = PBXVariantGroup;
			children = (
				1D7591191FFECED200573899 /* Base */,
			);
			name = LaunchScreen.storyboard;
			sourceTree = "<group>";
		};
		1D75911A1FFECED200573899 /* Main.storyboard */ = {
			isa = PBXVariantGroup;
			children = (
				1D75911B1FFECED200573899 /* Base */,
			);
			name = Main.storyboard;
			sourceTree = "<group>";
		};
/* End PBXVariantGroup section */

/* Begin XCBuildConfiguration section */
		1D75910E1FFECED200573899 /* Debug */ = {
			isa = XCBuildConfiguration;
			buildSettings = {
				ALWAYS_SEARCH_USER_PATHS = NO;
				CLANG_ANALYZER_NONNULL = YES;
				CLANG_ANALYZER_NUMBER_OBJECT_CONVERSION = YES_AGGRESSIVE;
				CLANG_CXX_LANGUAGE_STANDARD = "gnu++14";
				CLANG_CXX_LIBRARY = "libc++";
				CLANG_ENABLE_MODULES = YES;
				CLANG_ENABLE_OBJC_ARC = YES;
				CLANG_WARN_BLOCK_CAPTURE_AUTORELEASING = YES;
				CLANG_WARN_BOOL_CONVERSION = YES;
				CLANG_WARN_COMMA = YES;
				CLANG_WARN_CONSTANT_CONVERSION = YES;
				CLANG_WARN_DIRECT_OBJC_ISA_USAGE = YES_ERROR;
				CLANG_WARN_DOCUMENTATION_COMMENTS = YES;
				CLANG_WARN_EMPTY_BODY = YES;
				CLANG_WARN_ENUM_CONVERSION = YES;
				CLANG_WARN_INFINITE_RECURSION = YES;
				CLANG_WARN_INT_CONVERSION = YES;
				CLANG_WARN_NON_LITERAL_NULL_CONVERSION = YES;
				CLANG_WARN_OBJC_LITERAL_CONVERSION = YES;
				CLANG_WARN_OBJC_ROOT_CLASS = YES_ERROR;
				CLANG_WARN_RANGE_LOOP_ANALYSIS = YES;
				CLANG_WARN_STRICT_PROTOTYPES = YES;
				CLANG_WARN_SUSPICIOUS_MOVE = YES;
				CLANG_WARN_UNGUARDED_AVAILABILITY = YES_AGGRESSIVE;
				CLANG_WARN_UNREACHABLE_CODE = YES;
				CLANG_WARN__DUPLICATE_METHOD_MATCH = YES;
				CODE_SIGN_IDENTITY = "iPhone Developer";
				COPY_PHASE_STRIP = NO;
				DEBUG_INFORMATION_FORMAT = dwarf;
				ENABLE_STRICT_OBJC_MSGSEND = YES;
				ENABLE_TESTABILITY = YES;
				GCC_C_LANGUAGE_STANDARD = gnu11;
				GCC_DYNAMIC_NO_PIC = NO;
				GCC_NO_COMMON_BLOCKS = YES;
				GCC_OPTIMIZATION_LEVEL = 0;
				GCC_PREPROCESSOR_DEFINITIONS = (
					"DEBUG=1",
					"$(inherited)",
				);
				GCC_WARN_64_TO_32_BIT_CONVERSION = YES;
				GCC_WARN_ABOUT_RETURN_TYPE = YES_ERROR;
				GCC_WARN_UNDECLARED_SELECTOR = YES;
				GCC_WARN_UNINITIALIZED_AUTOS = YES_AGGRESSIVE;
				GCC_WARN_UNUSED_FUNCTION = YES;
				GCC_WARN_UNUSED_VARIABLE = YES;
				IPHONEOS_DEPLOYMENT_TARGET = 10.3;
				MTL_ENABLE_DEBUG_INFO = YES;
				ONLY_ACTIVE_ARCH = YES;
				SDKROOT = iphoneos;
				SWIFT_ACTIVE_COMPILATION_CONDITIONS = DEBUG;
				SWIFT_OPTIMIZATION_LEVEL = "-Onone";
			};
			name = Debug;
		};
		1D75910F1FFECED200573899 /* Release */ = {
			isa = XCBuildConfiguration;
			buildSettings = {
				ALWAYS_SEARCH_USER_PATHS = NO;
				CLANG_ANALYZER_NONNULL = YES;
				CLANG_ANALYZER_NUMBER_OBJECT_CONVERSION = YES_AGGRESSIVE;
				CLANG_CXX_LANGUAGE_STANDARD = "gnu++14";
				CLANG_CXX_LIBRARY = "libc++";
				CLANG_ENABLE_MODULES = YES;
				CLANG_ENABLE_OBJC_ARC = YES;
				CLANG_WARN_BLOCK_CAPTURE_AUTORELEASING = YES;
				CLANG_WARN_BOOL_CONVERSION = YES;
				CLANG_WARN_COMMA = YES;
				CLANG_WARN_CONSTANT_CONVERSION = YES;
				CLANG_WARN_DIRECT_OBJC_ISA_USAGE = YES_ERROR;
				CLANG_WARN_DOCUMENTATION_COMMENTS = YES;
				CLANG_WARN_EMPTY_BODY = YES;
				CLANG_WARN_ENUM_CONVERSION = YES;
				CLANG_WARN_INFINITE_RECURSION = YES;
				CLANG_WARN_INT_CONVERSION = YES;
				CLANG_WARN_NON_LITERAL_NULL_CONVERSION = YES;
				CLANG_WARN_OBJC_LITERAL_CONVERSION = YES;
				CLANG_WARN_OBJC_ROOT_CLASS = YES_ERROR;
				CLANG_WARN_RANGE_LOOP_ANALYSIS = YES;
				CLANG_WARN_STRICT_PROTOTYPES = YES;
				CLANG_WARN_SUSPICIOUS_MOVE = YES;
				CLANG_WARN_UNGUARDED_AVAILABILITY = YES_AGGRESSIVE;
				CLANG_WARN_UNREACHABLE_CODE = YES;
				CLANG_WARN__DUPLICATE_METHOD_MATCH = YES;
				CODE_SIGN_IDENTITY = "iPhone Developer";
				COPY_PHASE_STRIP = NO;
				DEBUG_INFORMATION_FORMAT = "dwarf-with-dsym";
				ENABLE_NS_ASSERTIONS = NO;
				ENABLE_STRICT_OBJC_MSGSEND = YES;
				GCC_C_LANGUAGE_STANDARD = gnu11;
				GCC_NO_COMMON_BLOCKS = YES;
				GCC_WARN_64_TO_32_BIT_CONVERSION = YES;
				GCC_WARN_ABOUT_RETURN_TYPE = YES_ERROR;
				GCC_WARN_UNDECLARED_SELECTOR = YES;
				GCC_WARN_UNINITIALIZED_AUTOS = YES_AGGRESSIVE;
				GCC_WARN_UNUSED_FUNCTION = YES;
				GCC_WARN_UNUSED_VARIABLE = YES;
				IPHONEOS_DEPLOYMENT_TARGET = 10.3;
				MTL_ENABLE_DEBUG_INFO = NO;
				SDKROOT = iphoneos;
				SWIFT_OPTIMIZATION_LEVEL = "-Owholemodule";
				VALIDATE_PRODUCT = YES;
			};
			name = Release;
		};
		1D7591111FFECED200573899 /* Debug */ = {
			isa = XCBuildConfiguration;
			baseConfigurationReference = CCBA8725F3E9D79814540397 /* Pods-Kuna.debug.xcconfig */;
			buildSettings = {
				ASSETCATALOG_COMPILER_APPICON_NAME = AppIcon;
				CODE_SIGN_STYLE = Automatic;
				DEVELOPMENT_TEAM = 6R6MW3CR4E;
				INFOPLIST_FILE = Kuna/Info.plist;
				IPHONEOS_DEPLOYMENT_TARGET = 10.3;
				LD_RUNPATH_SEARCH_PATHS = "$(inherited) @executable_path/Frameworks";
				PRODUCT_BUNDLE_IDENTIFIER = idap.Kuna;
				PRODUCT_NAME = "$(TARGET_NAME)";
				SWIFT_OBJC_BRIDGING_HEADER = Kuna/Resources/Header.h;
				SWIFT_VERSION = 4.0;
				TARGETED_DEVICE_FAMILY = "1,2";
			};
			name = Debug;
		};
		1D7591121FFECED200573899 /* Release */ = {
			isa = XCBuildConfiguration;
			baseConfigurationReference = 9381D65F42BE6BE7A1C10D23 /* Pods-Kuna.release.xcconfig */;
			buildSettings = {
				ASSETCATALOG_COMPILER_APPICON_NAME = AppIcon;
				CODE_SIGN_STYLE = Automatic;
				DEVELOPMENT_TEAM = 6R6MW3CR4E;
				INFOPLIST_FILE = Kuna/Info.plist;
				IPHONEOS_DEPLOYMENT_TARGET = 10.3;
				LD_RUNPATH_SEARCH_PATHS = "$(inherited) @executable_path/Frameworks";
				PRODUCT_BUNDLE_IDENTIFIER = idap.Kuna;
				PRODUCT_NAME = "$(TARGET_NAME)";
				SWIFT_OBJC_BRIDGING_HEADER = Kuna/Resources/Header.h;
				SWIFT_VERSION = 4.0;
				TARGETED_DEVICE_FAMILY = "1,2";
			};
			name = Release;
		};
/* End XCBuildConfiguration section */

/* Begin XCConfigurationList section */
		1D7590F91FFECED200573899 /* Build configuration list for PBXProject "Kuna" */ = {
			isa = XCConfigurationList;
			buildConfigurations = (
				1D75910E1FFECED200573899 /* Debug */,
				1D75910F1FFECED200573899 /* Release */,
			);
			defaultConfigurationIsVisible = 0;
			defaultConfigurationName = Release;
		};
		1D7591101FFECED200573899 /* Build configuration list for PBXNativeTarget "Kuna" */ = {
			isa = XCConfigurationList;
			buildConfigurations = (
				1D7591111FFECED200573899 /* Debug */,
				1D7591121FFECED200573899 /* Release */,
			);
			defaultConfigurationIsVisible = 0;
			defaultConfigurationName = Release;
		};
/* End XCConfigurationList section */
	};
	rootObject = 1D7590F61FFECED200573899 /* Project object */;
}
